
Microsoft Visual Studio Solution File, Format Version 12.00
# Visual Studio Version 16
VisualStudioVersion = 16.0.29001.49
MinimumVisualStudioVersion = 10.0.40219.1
Project("{9A19103F-16F7-4668-BE54-9A1E7A4F7556}") = "Shop.Common", "Shop.Common\Shop.Common.csproj", "{7B29F698-DD7A-4763-ADEB-C0AC98587699}"
EndProject
Project("{2150E333-8FDC-42A3-9474-1A3956D46DE8}") = "Backend", "Backend", "{9BED97C0-4EEE-4EC2-8F39-839A44B867A8}"
EndProject
Project("{2150E333-8FDC-42A3-9474-1A3956D46DE8}") = "Frontend", "Frontend", "{E9D2DD01-9C08-4CB3-9672-4B829C04E4DA}"
EndProject
Project("{9A19103F-16F7-4668-BE54-9A1E7A4F7556}") = "Shop.Web", "Shop.Web\Shop.Web.csproj", "{80B75B75-C657-4923-8CC5-C79872E57760}"
EndProject
Project("{2150E333-8FDC-42A3-9474-1A3956D46DE8}") = "Forms", "Forms", "{2AEF711C-B05F-4807-ACC4-A85CD74A7012}"
EndProject
Project("{2150E333-8FDC-42A3-9474-1A3956D46DE8}") = "Classic", "Classic", "{284CE709-06B1-4354-B999-0B750136BA3D}"
EndProject
Project("{FAE04EC0-301F-11D3-BF4B-00C04F79EFBC}") = "Shop.UIForms.Android", "Shop.UIForms\Shop.UIForms.Android\Shop.UIForms.Android.csproj", "{A055D881-3D60-4AA3-B0FC-9F5579480134}"
EndProject
Project("{FAE04EC0-301F-11D3-BF4B-00C04F79EFBC}") = "Shop.UIForms.iOS", "Shop.UIForms\Shop.UIForms.iOS\Shop.UIForms.iOS.csproj", "{F91E1D75-8970-46E1-B064-C261CB1AFC9C}"
EndProject
Project("{9A19103F-16F7-4668-BE54-9A1E7A4F7556}") = "Shop.UIForms", "Shop.UIForms\Shop.UIForms\Shop.UIForms.csproj", "{F6AC66B8-D928-4B8A-9E89-674B74447566}"
EndProject
Project("{9A19103F-16F7-4668-BE54-9A1E7A4F7556}") = "Shop.UIClassic", "Shop.UIClassic\Shop.UIClassic.csproj", "{49457CEA-A402-42EC-95C2-EFE57FB45C7B}"
EndProject
Project("{FAE04EC0-301F-11D3-BF4B-00C04F79EFBC}") = "Shop.UIClassic.Android", "Shop.UIClassic.Android\Shop.UIClassic.Android.csproj", "{24E462B6-B657-40C0-8E8D-A516CE862B52}"
EndProject
Project("{FAE04EC0-301F-11D3-BF4B-00C04F79EFBC}") = "Shop.UIClassic.iOS", "Shop.UIClassic.iOS\Shop.UIClassic.iOS.csproj", "{2A31E623-722D-4D3B-91C2-67DC79BE0172}"
EndProject
Global
	GlobalSection(SolutionConfigurationPlatforms) = preSolution
		Debug|Any CPU = Debug|Any CPU
		Debug|iPhone = Debug|iPhone
		Debug|iPhoneSimulator = Debug|iPhoneSimulator
		Release|Any CPU = Release|Any CPU
		Release|iPhone = Release|iPhone
		Release|iPhoneSimulator = Release|iPhoneSimulator
	EndGlobalSection
	GlobalSection(ProjectConfigurationPlatforms) = postSolution
		{7B29F698-DD7A-4763-ADEB-C0AC98587699}.Debug|Any CPU.ActiveCfg = Debug|Any CPU
		{7B29F698-DD7A-4763-ADEB-C0AC98587699}.Debug|Any CPU.Build.0 = Debug|Any CPU
		{7B29F698-DD7A-4763-ADEB-C0AC98587699}.Debug|iPhone.ActiveCfg = Debug|Any CPU
		{7B29F698-DD7A-4763-ADEB-C0AC98587699}.Debug|iPhone.Build.0 = Debug|Any CPU
		{7B29F698-DD7A-4763-ADEB-C0AC98587699}.Debug|iPhoneSimulator.ActiveCfg = Debug|Any CPU
		{7B29F698-DD7A-4763-ADEB-C0AC98587699}.Debug|iPhoneSimulator.Build.0 = Debug|Any CPU
		{7B29F698-DD7A-4763-ADEB-C0AC98587699}.Release|Any CPU.ActiveCfg = Release|Any CPU
		{7B29F698-DD7A-4763-ADEB-C0AC98587699}.Release|Any CPU.Build.0 = Release|Any CPU
		{7B29F698-DD7A-4763-ADEB-C0AC98587699}.Release|iPhone.ActiveCfg = Release|Any CPU
		{7B29F698-DD7A-4763-ADEB-C0AC98587699}.Release|iPhone.Build.0 = Release|Any CPU
		{7B29F698-DD7A-4763-ADEB-C0AC98587699}.Release|iPhoneSimulator.ActiveCfg = Release|Any CPU
		{7B29F698-DD7A-4763-ADEB-C0AC98587699}.Release|iPhoneSimulator.Build.0 = Release|Any CPU
		{80B75B75-C657-4923-8CC5-C79872E57760}.Debug|Any CPU.ActiveCfg = Debug|Any CPU
		{80B75B75-C657-4923-8CC5-C79872E57760}.Debug|Any CPU.Build.0 = Debug|Any CPU
		{80B75B75-C657-4923-8CC5-C79872E57760}.Debug|iPhone.ActiveCfg = Debug|Any CPU
		{80B75B75-C657-4923-8CC5-C79872E57760}.Debug|iPhone.Build.0 = Debug|Any CPU
		{80B75B75-C657-4923-8CC5-C79872E57760}.Debug|iPhoneSimulator.ActiveCfg = Debug|Any CPU
		{80B75B75-C657-4923-8CC5-C79872E57760}.Debug|iPhoneSimulator.Build.0 = Debug|Any CPU
		{80B75B75-C657-4923-8CC5-C79872E57760}.Release|Any CPU.ActiveCfg = Release|Any CPU
		{80B75B75-C657-4923-8CC5-C79872E57760}.Release|Any CPU.Build.0 = Release|Any CPU
		{80B75B75-C657-4923-8CC5-C79872E57760}.Release|iPhone.ActiveCfg = Release|Any CPU
		{80B75B75-C657-4923-8CC5-C79872E57760}.Release|iPhone.Build.0 = Release|Any CPU
		{80B75B75-C657-4923-8CC5-C79872E57760}.Release|iPhoneSimulator.ActiveCfg = Release|Any CPU
		{80B75B75-C657-4923-8CC5-C79872E57760}.Release|iPhoneSimulator.Build.0 = Release|Any CPU
		{A055D881-3D60-4AA3-B0FC-9F5579480134}.Debug|Any CPU.ActiveCfg = Debug|Any CPU
		{A055D881-3D60-4AA3-B0FC-9F5579480134}.Debug|Any CPU.Build.0 = Debug|Any CPU
		{A055D881-3D60-4AA3-B0FC-9F5579480134}.Debug|Any CPU.Deploy.0 = Debug|Any CPU
		{A055D881-3D60-4AA3-B0FC-9F5579480134}.Debug|iPhone.ActiveCfg = Debug|Any CPU
		{A055D881-3D60-4AA3-B0FC-9F5579480134}.Debug|iPhone.Build.0 = Debug|Any CPU
		{A055D881-3D60-4AA3-B0FC-9F5579480134}.Debug|iPhone.Deploy.0 = Debug|Any CPU
		{A055D881-3D60-4AA3-B0FC-9F5579480134}.Debug|iPhoneSimulator.ActiveCfg = Debug|Any CPU
		{A055D881-3D60-4AA3-B0FC-9F5579480134}.Debug|iPhoneSimulator.Build.0 = Debug|Any CPU
		{A055D881-3D60-4AA3-B0FC-9F5579480134}.Debug|iPhoneSimulator.Deploy.0 = Debug|Any CPU
		{A055D881-3D60-4AA3-B0FC-9F5579480134}.Release|Any CPU.ActiveCfg = Release|Any CPU
		{A055D881-3D60-4AA3-B0FC-9F5579480134}.Release|Any CPU.Build.0 = Release|Any CPU
		{A055D881-3D60-4AA3-B0FC-9F5579480134}.Release|Any CPU.Deploy.0 = Release|Any CPU
		{A055D881-3D60-4AA3-B0FC-9F5579480134}.Release|iPhone.ActiveCfg = Release|Any CPU
		{A055D881-3D60-4AA3-B0FC-9F5579480134}.Release|iPhone.Build.0 = Release|Any CPU
		{A055D881-3D60-4AA3-B0FC-9F5579480134}.Release|iPhone.Deploy.0 = Release|Any CPU
		{A055D881-3D60-4AA3-B0FC-9F5579480134}.Release|iPhoneSimulator.ActiveCfg = Release|Any CPU
		{A055D881-3D60-4AA3-B0FC-9F5579480134}.Release|iPhoneSimulator.Build.0 = Release|Any CPU
		{A055D881-3D60-4AA3-B0FC-9F5579480134}.Release|iPhoneSimulator.Deploy.0 = Release|Any CPU
		{F91E1D75-8970-46E1-B064-C261CB1AFC9C}.Debug|Any CPU.ActiveCfg = Debug|iPhone
		{F91E1D75-8970-46E1-B064-C261CB1AFC9C}.Debug|iPhone.ActiveCfg = Debug|iPhone
		{F91E1D75-8970-46E1-B064-C261CB1AFC9C}.Debug|iPhone.Build.0 = Debug|iPhone
		{F91E1D75-8970-46E1-B064-C261CB1AFC9C}.Debug|iPhoneSimulator.ActiveCfg = Debug|iPhoneSimulator
		{F91E1D75-8970-46E1-B064-C261CB1AFC9C}.Debug|iPhoneSimulator.Build.0 = Debug|iPhoneSimulator
		{F91E1D75-8970-46E1-B064-C261CB1AFC9C}.Release|Any CPU.ActiveCfg = Release|iPhone
		{F91E1D75-8970-46E1-B064-C261CB1AFC9C}.Release|iPhone.ActiveCfg = Release|iPhone
		{F91E1D75-8970-46E1-B064-C261CB1AFC9C}.Release|iPhone.Build.0 = Release|iPhone
		{F91E1D75-8970-46E1-B064-C261CB1AFC9C}.Release|iPhoneSimulator.ActiveCfg = Release|iPhoneSimulator
		{F91E1D75-8970-46E1-B064-C261CB1AFC9C}.Release|iPhoneSimulator.Build.0 = Release|iPhoneSimulator
		{F6AC66B8-D928-4B8A-9E89-674B74447566}.Debug|Any CPU.ActiveCfg = Debug|Any CPU
		{F6AC66B8-D928-4B8A-9E89-674B74447566}.Debug|Any CPU.Build.0 = Debug|Any CPU
		{F6AC66B8-D928-4B8A-9E89-674B74447566}.Debug|iPhone.ActiveCfg = Debug|Any CPU
		{F6AC66B8-D928-4B8A-9E89-674B74447566}.Debug|iPhone.Build.0 = Debug|Any CPU
		{F6AC66B8-D928-4B8A-9E89-674B74447566}.Debug|iPhoneSimulator.ActiveCfg = Debug|Any CPU
		{F6AC66B8-D928-4B8A-9E89-674B74447566}.Debug|iPhoneSimulator.Build.0 = Debug|Any CPU
		{F6AC66B8-D928-4B8A-9E89-674B74447566}.Release|Any CPU.ActiveCfg = Release|Any CPU
		{F6AC66B8-D928-4B8A-9E89-674B74447566}.Release|Any CPU.Build.0 = Release|Any CPU
		{F6AC66B8-D928-4B8A-9E89-674B74447566}.Release|iPhone.ActiveCfg = Release|Any CPU
		{F6AC66B8-D928-4B8A-9E89-674B74447566}.Release|iPhone.Build.0 = Release|Any CPU
		{F6AC66B8-D928-4B8A-9E89-674B74447566}.Release|iPhoneSimulator.ActiveCfg = Release|Any CPU
		{F6AC66B8-D928-4B8A-9E89-674B74447566}.Release|iPhoneSimulator.Build.0 = Release|Any CPU
		{49457CEA-A402-42EC-95C2-EFE57FB45C7B}.Debug|Any CPU.ActiveCfg = Debug|Any CPU
		{49457CEA-A402-42EC-95C2-EFE57FB45C7B}.Debug|Any CPU.Build.0 = Debug|Any CPU
		{49457CEA-A402-42EC-95C2-EFE57FB45C7B}.Debug|iPhone.ActiveCfg = Debug|Any CPU
		{49457CEA-A402-42EC-95C2-EFE57FB45C7B}.Debug|iPhone.Build.0 = Debug|Any CPU
		{49457CEA-A402-42EC-95C2-EFE57FB45C7B}.Debug|iPhoneSimulator.ActiveCfg = Debug|Any CPU
		{49457CEA-A402-42EC-95C2-EFE57FB45C7B}.Debug|iPhoneSimulator.Build.0 = Debug|Any CPU
		{49457CEA-A402-42EC-95C2-EFE57FB45C7B}.Release|Any CPU.ActiveCfg = Release|Any CPU
		{49457CEA-A402-42EC-95C2-EFE57FB45C7B}.Release|Any CPU.Build.0 = Release|Any CPU
		{49457CEA-A402-42EC-95C2-EFE57FB45C7B}.Release|iPhone.ActiveCfg = Release|Any CPU
		{49457CEA-A402-42EC-95C2-EFE57FB45C7B}.Release|iPhone.Build.0 = Release|Any CPU
		{49457CEA-A402-42EC-95C2-EFE57FB45C7B}.Release|iPhoneSimulator.ActiveCfg = Release|Any CPU
		{49457CEA-A402-42EC-95C2-EFE57FB45C7B}.Release|iPhoneSimulator.Build.0 = Release|Any CPU
		{24E462B6-B657-40C0-8E8D-A516CE862B52}.Debug|Any CPU.ActiveCfg = Debug|Any CPU
		{24E462B6-B657-40C0-8E8D-A516CE862B52}.Debug|Any CPU.Build.0 = Debug|Any CPU
		{24E462B6-B657-40C0-8E8D-A516CE862B52}.Debug|Any CPU.Deploy.0 = Debug|Any CPU
		{24E462B6-B657-40C0-8E8D-A516CE862B52}.Debug|iPhone.ActiveCfg = Debug|Any CPU
		{24E462B6-B657-40C0-8E8D-A516CE862B52}.Debug|iPhone.Build.0 = Debug|Any CPU
		{24E462B6-B657-40C0-8E8D-A516CE862B52}.Debug|iPhone.Deploy.0 = Debug|Any CPU
		{24E462B6-B657-40C0-8E8D-A516CE862B52}.Debug|iPhoneSimulator.ActiveCfg = Debug|Any CPU
		{24E462B6-B657-40C0-8E8D-A516CE862B52}.Debug|iPhoneSimulator.Build.0 = Debug|Any CPU
		{24E462B6-B657-40C0-8E8D-A516CE862B52}.Debug|iPhoneSimulator.Deploy.0 = Debug|Any CPU
		{24E462B6-B657-40C0-8E8D-A516CE862B52}.Release|Any CPU.ActiveCfg = Release|Any CPU
		{24E462B6-B657-40C0-8E8D-A516CE862B52}.Release|Any CPU.Build.0 = Release|Any CPU
		{24E462B6-B657-40C0-8E8D-A516CE862B52}.Release|Any CPU.Deploy.0 = Release|Any CPU
		{24E462B6-B657-40C0-8E8D-A516CE862B52}.Release|iPhone.ActiveCfg = Release|Any CPU
		{24E462B6-B657-40C0-8E8D-A516CE862B52}.Release|iPhone.Build.0 = Release|Any CPU
		{24E462B6-B657-40C0-8E8D-A516CE862B52}.Release|iPhone.Deploy.0 = Release|Any CPU
		{24E462B6-B657-40C0-8E8D-A516CE862B52}.Release|iPhoneSimulator.ActiveCfg = Release|Any CPU
		{24E462B6-B657-40C0-8E8D-A516CE862B52}.Release|iPhoneSimulator.Build.0 = Release|Any CPU
		{24E462B6-B657-40C0-8E8D-A516CE862B52}.Release|iPhoneSimulator.Deploy.0 = Release|Any CPU
		{2A31E623-722D-4D3B-91C2-67DC79BE0172}.Debug|Any CPU.ActiveCfg = Debug|iPhone
		{2A31E623-722D-4D3B-91C2-67DC79BE0172}.Debug|iPhone.ActiveCfg = Debug|iPhone
		{2A31E623-722D-4D3B-91C2-67DC79BE0172}.Debug|iPhone.Build.0 = Debug|iPhone
		{2A31E623-722D-4D3B-91C2-67DC79BE0172}.Debug|iPhoneSimulator.ActiveCfg = Debug|iPhoneSimulator
		{2A31E623-722D-4D3B-91C2-67DC79BE0172}.Debug|iPhoneSimulator.Build.0 = Debug|iPhoneSimulator
		{2A31E623-722D-4D3B-91C2-67DC79BE0172}.Release|Any CPU.ActiveCfg = Release|iPhone
		{2A31E623-722D-4D3B-91C2-67DC79BE0172}.Release|iPhone.ActiveCfg = Release|iPhone
		{2A31E623-722D-4D3B-91C2-67DC79BE0172}.Release|iPhone.Build.0 = Release|iPhone
		{2A31E623-722D-4D3B-91C2-67DC79BE0172}.Release|iPhoneSimulator.ActiveCfg = Release|iPhoneSimulator
		{2A31E623-722D-4D3B-91C2-67DC79BE0172}.Release|iPhoneSimulator.Build.0 = Release|iPhoneSimulator
	EndGlobalSection
	GlobalSection(SolutionProperties) = preSolution
		HideSolutionNode = FALSE
	EndGlobalSection
	GlobalSection(NestedProjects) = preSolution
		{80B75B75-C657-4923-8CC5-C79872E57760} = {9BED97C0-4EEE-4EC2-8F39-839A44B867A8}
		{2AEF711C-B05F-4807-ACC4-A85CD74A7012} = {E9D2DD01-9C08-4CB3-9672-4B829C04E4DA}
		{284CE709-06B1-4354-B999-0B750136BA3D} = {E9D2DD01-9C08-4CB3-9672-4B829C04E4DA}
		{A055D881-3D60-4AA3-B0FC-9F5579480134} = {2AEF711C-B05F-4807-ACC4-A85CD74A7012}
		{F91E1D75-8970-46E1-B064-C261CB1AFC9C} = {2AEF711C-B05F-4807-ACC4-A85CD74A7012}
		{F6AC66B8-D928-4B8A-9E89-674B74447566} = {2AEF711C-B05F-4807-ACC4-A85CD74A7012}
		{49457CEA-A402-42EC-95C2-EFE57FB45C7B} = {284CE709-06B1-4354-B999-0B750136BA3D}
		{24E462B6-B657-40C0-8E8D-A516CE862B52} = {284CE709-06B1-4354-B999-0B750136BA3D}
		{2A31E623-722D-4D3B-91C2-67DC79BE0172} = {284CE709-06B1-4354-B999-0B750136BA3D}
	EndGlobalSection
	GlobalSection(ExtensibilityGlobals) = postSolution
		SolutionGuid = {FEC35478-598C-4B6F-BDEA-E0B6DC28CDD7}
	EndGlobalSection
EndGlobal
